
Microsoft Visual Studio Solution File, Format Version 12.00
# Visual Studio Version 17
VisualStudioVersion = 17.4.33110.190
MinimumVisualStudioVersion = 10.0.40219.1
Project("{2150E333-8FDC-42A3-9474-1A3956D46DE8}") = "Lab1", "Lab1", "{A7A43031-66D0-4340-BCFC-AC4EA6983BE2}"
EndProject
Project("{9A19103F-16F7-4668-BE54-9A1E7A4F7556}") = "Lab1", "Lab1\Lab1.csproj", "{DCEAB33C-59EF-4C81-8C0A-6603090F6747}"
EndProject
Project("{2150E333-8FDC-42A3-9474-1A3956D46DE8}") = "Lab2", "Lab2", "{59611356-F38A-4AEA-BDAF-67959B44177A}"
EndProject
Project("{9A19103F-16F7-4668-BE54-9A1E7A4F7556}") = "Lab2", "Lab2\Lab2.csproj", "{DBFC6EE9-C923-438F-8218-4484C961884A}"
EndProject
Project("{2150E333-8FDC-42A3-9474-1A3956D46DE8}") = "Lab3", "Lab3", "{90598272-26A6-4B12-BC5A-5EE58924DADB}"
EndProject
Project("{9A19103F-16F7-4668-BE54-9A1E7A4F7556}") = "Lab3", "Lab3\Lab\Lab3.csproj", "{2B360A88-77B0-4430-90E4-C74329A3B883}"
EndProject
Project("{FAE04EC0-301F-11D3-BF4B-00C04F79EFBC}") = "Logic", "Lab3\Logic\Logic.csproj", "{3452A6AD-9AE5-401C-B26B-67FF0EDCC4BB}"
EndProject
Project("{FAE04EC0-301F-11D3-BF4B-00C04F79EFBC}") = "Приветствие", "Lab3\Приветствие\Приветствие.csproj", "{3CD5FAAB-562D-4E79-BB3E-D99B2C6FEF44}"
EndProject
Project("{2150E333-8FDC-42A3-9474-1A3956D46DE8}") = "Lab4", "Lab4", "{8B7720B1-0A95-4D1D-8066-B286C551CC33}"
EndProject
Project("{9A19103F-16F7-4668-BE54-9A1E7A4F7556}") = "Lab4", "Lab4\Lab4.csproj", "{44670256-D432-4D59-84DD-CA4C80883C46}"
EndProject
Project("{2150E333-8FDC-42A3-9474-1A3956D46DE8}") = "Lab5", "Lab5", "{7B2B22FF-A979-445B-81ED-81504881BACC}"
EndProject
Project("{9A19103F-16F7-4668-BE54-9A1E7A4F7556}") = "Lab5", "Lab5\Lab5.csproj", "{4587FE21-D31A-44D0-ABCB-FACB8F269F02}"
EndProject
Project("{2150E333-8FDC-42A3-9474-1A3956D46DE8}") = "Lab6", "Lab6", "{50561A45-C86D-4C1A-8E3F-5AABFB550D94}"
EndProject
Project("{9A19103F-16F7-4668-BE54-9A1E7A4F7556}") = "Lab6", "Lab6\Lab6.csproj", "{F19F4A35-CBE9-4842-810F-EE2F8878F989}"
EndProject
Project("{2150E333-8FDC-42A3-9474-1A3956D46DE8}") = "Lab7", "Lab7", "{8B30FA95-2B92-482B-8271-72340E12980F}"
	ProjectSection(SolutionItems) = preProject
		Data7.txt = Data7.txt
	EndProjectSection
EndProject
Project("{2150E333-8FDC-42A3-9474-1A3956D46DE8}") = "Lab8", "Lab8", "{F055F26D-22EF-403D-A2B4-16F29FB8104F}"
EndProject
Project("{2150E333-8FDC-42A3-9474-1A3956D46DE8}") = "Lab9", "Lab9", "{62F34118-6C74-4733-BED3-B0F46B012A40}"
EndProject
Project("{9A19103F-16F7-4668-BE54-9A1E7A4F7556}") = "Lab7", "Lab7\Lab7\Lab7.csproj", "{1247A720-B8E8-49E0-8FF4-0C14F7B4F37C}"
EndProject
Project("{9A19103F-16F7-4668-BE54-9A1E7A4F7556}") = "Classes", "Lab7\Classes\Classes.csproj", "{574D7F50-3D97-412B-B002-7D240164AB80}"
EndProject
Project("{9A19103F-16F7-4668-BE54-9A1E7A4F7556}") = "Welcome", "Lab7\Welcome\Welcome.csproj", "{6FDE9FB5-D6EB-4389-96EE-3E2732CF9756}"
EndProject
Project("{FAE04EC0-301F-11D3-BF4B-00C04F79EFBC}") = "Lab8", "Lab8\Lab8.csproj", "{C469E6B4-BFAD-4ACB-A37A-8044DF860019}"
EndProject
Global
	GlobalSection(SolutionConfigurationPlatforms) = preSolution
		Debug|Any CPU = Debug|Any CPU
		Release|Any CPU = Release|Any CPU
	EndGlobalSection
	GlobalSection(ProjectConfigurationPlatforms) = postSolution
		{DCEAB33C-59EF-4C81-8C0A-6603090F6747}.Debug|Any CPU.ActiveCfg = Debug|Any CPU
		{DCEAB33C-59EF-4C81-8C0A-6603090F6747}.Debug|Any CPU.Build.0 = Debug|Any CPU
		{DCEAB33C-59EF-4C81-8C0A-6603090F6747}.Release|Any CPU.ActiveCfg = Release|Any CPU
		{DCEAB33C-59EF-4C81-8C0A-6603090F6747}.Release|Any CPU.Build.0 = Release|Any CPU
		{DBFC6EE9-C923-438F-8218-4484C961884A}.Debug|Any CPU.ActiveCfg = Debug|Any CPU
		{DBFC6EE9-C923-438F-8218-4484C961884A}.Debug|Any CPU.Build.0 = Debug|Any CPU
		{DBFC6EE9-C923-438F-8218-4484C961884A}.Release|Any CPU.ActiveCfg = Release|Any CPU
		{DBFC6EE9-C923-438F-8218-4484C961884A}.Release|Any CPU.Build.0 = Release|Any CPU
		{2B360A88-77B0-4430-90E4-C74329A3B883}.Debug|Any CPU.ActiveCfg = Debug|Any CPU
		{2B360A88-77B0-4430-90E4-C74329A3B883}.Debug|Any CPU.Build.0 = Debug|Any CPU
		{2B360A88-77B0-4430-90E4-C74329A3B883}.Release|Any CPU.ActiveCfg = Release|Any CPU
		{2B360A88-77B0-4430-90E4-C74329A3B883}.Release|Any CPU.Build.0 = Release|Any CPU
		{3452A6AD-9AE5-401C-B26B-67FF0EDCC4BB}.Debug|Any CPU.ActiveCfg = Debug|Any CPU
		{3452A6AD-9AE5-401C-B26B-67FF0EDCC4BB}.Debug|Any CPU.Build.0 = Debug|Any CPU
		{3452A6AD-9AE5-401C-B26B-67FF0EDCC4BB}.Release|Any CPU.ActiveCfg = Release|Any CPU
		{3452A6AD-9AE5-401C-B26B-67FF0EDCC4BB}.Release|Any CPU.Build.0 = Release|Any CPU
		{3CD5FAAB-562D-4E79-BB3E-D99B2C6FEF44}.Debug|Any CPU.ActiveCfg = Debug|Any CPU
		{3CD5FAAB-562D-4E79-BB3E-D99B2C6FEF44}.Debug|Any CPU.Build.0 = Debug|Any CPU
		{3CD5FAAB-562D-4E79-BB3E-D99B2C6FEF44}.Release|Any CPU.ActiveCfg = Release|Any CPU
		{3CD5FAAB-562D-4E79-BB3E-D99B2C6FEF44}.Release|Any CPU.Build.0 = Release|Any CPU
		{44670256-D432-4D59-84DD-CA4C80883C46}.Debug|Any CPU.ActiveCfg = Debug|Any CPU
		{44670256-D432-4D59-84DD-CA4C80883C46}.Debug|Any CPU.Build.0 = Debug|Any CPU
		{44670256-D432-4D59-84DD-CA4C80883C46}.Release|Any CPU.ActiveCfg = Release|Any CPU
		{44670256-D432-4D59-84DD-CA4C80883C46}.Release|Any CPU.Build.0 = Release|Any CPU
		{4587FE21-D31A-44D0-ABCB-FACB8F269F02}.Debug|Any CPU.ActiveCfg = Debug|Any CPU
		{4587FE21-D31A-44D0-ABCB-FACB8F269F02}.Debug|Any CPU.Build.0 = Debug|Any CPU
		{4587FE21-D31A-44D0-ABCB-FACB8F269F02}.Release|Any CPU.ActiveCfg = Release|Any CPU
		{4587FE21-D31A-44D0-ABCB-FACB8F269F02}.Release|Any CPU.Build.0 = Release|Any CPU
		{F19F4A35-CBE9-4842-810F-EE2F8878F989}.Debug|Any CPU.ActiveCfg = Debug|Any CPU
		{F19F4A35-CBE9-4842-810F-EE2F8878F989}.Debug|Any CPU.Build.0 = Debug|Any CPU
		{F19F4A35-CBE9-4842-810F-EE2F8878F989}.Release|Any CPU.ActiveCfg = Release|Any CPU
		{F19F4A35-CBE9-4842-810F-EE2F8878F989}.Release|Any CPU.Build.0 = Release|Any CPU
		{1247A720-B8E8-49E0-8FF4-0C14F7B4F37C}.Debug|Any CPU.ActiveCfg = Debug|Any CPU
		{1247A720-B8E8-49E0-8FF4-0C14F7B4F37C}.Debug|Any CPU.Build.0 = Debug|Any CPU
		{1247A720-B8E8-49E0-8FF4-0C14F7B4F37C}.Release|Any CPU.ActiveCfg = Release|Any CPU
		{1247A720-B8E8-49E0-8FF4-0C14F7B4F37C}.Release|Any CPU.Build.0 = Release|Any CPU
		{574D7F50-3D97-412B-B002-7D240164AB80}.Debug|Any CPU.ActiveCfg = Debug|Any CPU
		{574D7F50-3D97-412B-B002-7D240164AB80}.Debug|Any CPU.Build.0 = Debug|Any CPU
		{574D7F50-3D97-412B-B002-7D240164AB80}.Release|Any CPU.ActiveCfg = Release|Any CPU
		{574D7F50-3D97-412B-B002-7D240164AB80}.Release|Any CPU.Build.0 = Release|Any CPU
		{6FDE9FB5-D6EB-4389-96EE-3E2732CF9756}.Debug|Any CPU.ActiveCfg = Debug|Any CPU
		{6FDE9FB5-D6EB-4389-96EE-3E2732CF9756}.Debug|Any CPU.Build.0 = Debug|Any CPU
		{6FDE9FB5-D6EB-4389-96EE-3E2732CF9756}.Release|Any CPU.ActiveCfg = Release|Any CPU
		{6FDE9FB5-D6EB-4389-96EE-3E2732CF9756}.Release|Any CPU.Build.0 = Release|Any CPU
		{C469E6B4-BFAD-4ACB-A37A-8044DF860019}.Debug|Any CPU.ActiveCfg = Debug|Any CPU
		{C469E6B4-BFAD-4ACB-A37A-8044DF860019}.Debug|Any CPU.Build.0 = Debug|Any CPU
		{C469E6B4-BFAD-4ACB-A37A-8044DF860019}.Release|Any CPU.ActiveCfg = Release|Any CPU
		{C469E6B4-BFAD-4ACB-A37A-8044DF860019}.Release|Any CPU.Build.0 = Release|Any CPU
	EndGlobalSection
	GlobalSection(SolutionProperties) = preSolution
		HideSolutionNode = FALSE
	EndGlobalSection
	GlobalSection(NestedProjects) = preSolution
		{DCEAB33C-59EF-4C81-8C0A-6603090F6747} = {A7A43031-66D0-4340-BCFC-AC4EA6983BE2}
		{DBFC6EE9-C923-438F-8218-4484C961884A} = {59611356-F38A-4AEA-BDAF-67959B44177A}
		{2B360A88-77B0-4430-90E4-C74329A3B883} = {90598272-26A6-4B12-BC5A-5EE58924DADB}
		{3452A6AD-9AE5-401C-B26B-67FF0EDCC4BB} = {90598272-26A6-4B12-BC5A-5EE58924DADB}
		{3CD5FAAB-562D-4E79-BB3E-D99B2C6FEF44} = {90598272-26A6-4B12-BC5A-5EE58924DADB}
		{44670256-D432-4D59-84DD-CA4C80883C46} = {8B7720B1-0A95-4D1D-8066-B286C551CC33}
		{4587FE21-D31A-44D0-ABCB-FACB8F269F02} = {7B2B22FF-A979-445B-81ED-81504881BACC}
		{F19F4A35-CBE9-4842-810F-EE2F8878F989} = {50561A45-C86D-4C1A-8E3F-5AABFB550D94}
		{1247A720-B8E8-49E0-8FF4-0C14F7B4F37C} = {8B30FA95-2B92-482B-8271-72340E12980F}
		{574D7F50-3D97-412B-B002-7D240164AB80} = {8B30FA95-2B92-482B-8271-72340E12980F}
		{6FDE9FB5-D6EB-4389-96EE-3E2732CF9756} = {8B30FA95-2B92-482B-8271-72340E12980F}
		{C469E6B4-BFAD-4ACB-A37A-8044DF860019} = {F055F26D-22EF-403D-A2B4-16F29FB8104F}
	EndGlobalSection
	GlobalSection(ExtensibilityGlobals) = postSolution
		SolutionGuid = {C9BAFCD3-E755-464B-90E0-704D4E9CE00C}
	EndGlobalSection
EndGlobal
